
Microsoft Visual Studio Solution File, Format Version 12.00
# Visual Studio Version 16
VisualStudioVersion = 16.0.34114.132
MinimumVisualStudioVersion = 10.0.40219.1
Project("{FAE04EC0-301F-11D3-BF4B-00C04F79EFBC}") = "BaiTap01", "BaiTap01\BaiTap01.csproj", "{EAABE538-099F-4ED3-BEF0-1AF30D425073}"
EndProject
Project("{FAE04EC0-301F-11D3-BF4B-00C04F79EFBC}") = "BaiTap02", "BaiTap02\BaiTap02.csproj", "{9CA56999-8F9A-4C0C-A884-140AF4A6B0A3}"
EndProject
Project("{FAE04EC0-301F-11D3-BF4B-00C04F79EFBC}") = "BaiTap03", "BaiTap03\BaiTap03.csproj", "{F8F98704-DFBE-45D2-8CCF-D46F0B3791AF}"
EndProject
Global
	GlobalSection(SolutionConfigurationPlatforms) = preSolution
		Debug|Any CPU = Debug|Any CPU
		Release|Any CPU = Release|Any CPU
	EndGlobalSection
	GlobalSection(ProjectConfigurationPlatforms) = postSolution
		{EAABE538-099F-4ED3-BEF0-1AF30D425073}.Debug|Any CPU.ActiveCfg = Debug|Any CPU
		{EAABE538-099F-4ED3-BEF0-1AF30D425073}.Debug|Any CPU.Build.0 = Debug|Any CPU
		{EAABE538-099F-4ED3-BEF0-1AF30D425073}.Release|Any CPU.ActiveCfg = Release|Any CPU
		{EAABE538-099F-4ED3-BEF0-1AF30D425073}.Release|Any CPU.Build.0 = Release|Any CPU
		{9CA56999-8F9A-4C0C-A884-140AF4A6B0A3}.Debug|Any CPU.ActiveCfg = Debug|Any CPU
		{9CA56999-8F9A-4C0C-A884-140AF4A6B0A3}.Debug|Any CPU.Build.0 = Debug|Any CPU
		{9CA56999-8F9A-4C0C-A884-140AF4A6B0A3}.Release|Any CPU.ActiveCfg = Release|Any CPU
		{9CA56999-8F9A-4C0C-A884-140AF4A6B0A3}.Release|Any CPU.Build.0 = Release|Any CPU
		{F8F98704-DFBE-45D2-8CCF-D46F0B3791AF}.Debug|Any CPU.ActiveCfg = Debug|Any CPU
		{F8F98704-DFBE-45D2-8CCF-D46F0B3791AF}.Debug|Any CPU.Build.0 = Debug|Any CPU
		{F8F98704-DFBE-45D2-8CCF-D46F0B3791AF}.Release|Any CPU.ActiveCfg = Release|Any CPU
		{F8F98704-DFBE-45D2-8CCF-D46F0B3791AF}.Release|Any CPU.Build.0 = Release|Any CPU
	EndGlobalSection
	GlobalSection(SolutionProperties) = preSolution
		HideSolutionNode = FALSE
	EndGlobalSection
	GlobalSection(ExtensibilityGlobals) = postSolution
		SolutionGuid = {7B6AB777-1C40-47FD-8C2D-8FA13BC63A7D}
	EndGlobalSection
EndGlobal
